// !$*UTF8*$!
{
	archiveVersion = 1;
	classes = {
	};
	objectVersion = 55;
	objects = {

/* Begin PBXBuildFile section */
		56C0E57E3F210CAC49DAD7C6 /* Pods_flixsterTests.framework in Frameworks */ = {isa = PBXBuildFile; fileRef = 87F9C07EAB83BA62CC448914 /* Pods_flixsterTests.framework */; };
		A50254DC27C848E30007CAF5 /* AppDelegate.swift in Sources */ = {isa = PBXBuildFile; fileRef = A50254DB27C848E30007CAF5 /* AppDelegate.swift */; };
		A50254DE27C848E30007CAF5 /* SceneDelegate.swift in Sources */ = {isa = PBXBuildFile; fileRef = A50254DD27C848E30007CAF5 /* SceneDelegate.swift */; };
		A50254E027C848E30007CAF5 /* MoviesViewController.swift in Sources */ = {isa = PBXBuildFile; fileRef = A50254DF27C848E30007CAF5 /* MoviesViewController.swift */; };
		A50254E327C848E30007CAF5 /* Main.storyboard in Resources */ = {isa = PBXBuildFile; fileRef = A50254E127C848E30007CAF5 /* Main.storyboard */; };
		A50254E527C848E50007CAF5 /* Assets.xcassets in Resources */ = {isa = PBXBuildFile; fileRef = A50254E427C848E50007CAF5 /* Assets.xcassets */; };
		A50254E827C848E50007CAF5 /* LaunchScreen.storyboard in Resources */ = {isa = PBXBuildFile; fileRef = A50254E627C848E50007CAF5 /* LaunchScreen.storyboard */; };
		A50254F327C848E60007CAF5 /* flixsterTests.swift in Sources */ = {isa = PBXBuildFile; fileRef = A50254F227C848E60007CAF5 /* flixsterTests.swift */; };
		A50254FD27C848E60007CAF5 /* flixsterUITests.swift in Sources */ = {isa = PBXBuildFile; fileRef = A50254FC27C848E60007CAF5 /* flixsterUITests.swift */; };
		A50254FF27C848E60007CAF5 /* flixsterUITestsLaunchTests.swift in Sources */ = {isa = PBXBuildFile; fileRef = A50254FE27C848E60007CAF5 /* flixsterUITestsLaunchTests.swift */; };
		A502551027C8687C0007CAF5 /* MovieCell.swift in Sources */ = {isa = PBXBuildFile; fileRef = A502550F27C8687C0007CAF5 /* MovieCell.swift */; };
		A502551327C8746C0007CAF5 /* AlamofireImage in Frameworks */ = {isa = PBXBuildFile; productRef = A502551227C8746C0007CAF5 /* AlamofireImage */; };
		A536838827CFE69200DCA516 /* MovieDetailsViewController.swift in Sources */ = {isa = PBXBuildFile; fileRef = A536838727CFE69200DCA516 /* MovieDetailsViewController.swift */; };
		A536838A27D0BD4A00DCA516 /* MovieGridViewController.swift in Sources */ = {isa = PBXBuildFile; fileRef = A536838927D0BD4A00DCA516 /* MovieGridViewController.swift */; };
		A536838C27D0C09100DCA516 /* MovieGridCell.swift in Sources */ = {isa = PBXBuildFile; fileRef = A536838B27D0C09100DCA516 /* MovieGridCell.swift */; };
		A54AAA2499623BB666085448 /* Pods_flixster.framework in Frameworks */ = {isa = PBXBuildFile; fileRef = 972399F04EEC2C48229104D8 /* Pods_flixster.framework */; };
		FE274FDBD30744D06BB6C0C0 /* Pods_flixster_flixsterUITests.framework in Frameworks */ = {isa = PBXBuildFile; fileRef = 2CB58B83CA751CD64A6A6351 /* Pods_flixster_flixsterUITests.framework */; };
/* End PBXBuildFile section */

/* Begin PBXContainerItemProxy section */
		A50254EF27C848E50007CAF5 /* PBXContainerItemProxy */ = {
			isa = PBXContainerItemProxy;
			containerPortal = A50254D027C848E30007CAF5 /* Project object */;
			proxyType = 1;
			remoteGlobalIDString = A50254D727C848E30007CAF5;
			remoteInfo = flixster;
		};
		A50254F927C848E60007CAF5 /* PBXContainerItemProxy */ = {
			isa = PBXContainerItemProxy;
			containerPortal = A50254D027C848E30007CAF5 /* Project object */;
			proxyType = 1;
			remoteGlobalIDString = A50254D727C848E30007CAF5;
			remoteInfo = flixster;
		};
/* End PBXContainerItemProxy section */

/* Begin PBXFileReference section */
		2CB58B83CA751CD64A6A6351 /* Pods_flixster_flixsterUITests.framework */ = {isa = PBXFileReference; explicitFileType = wrapper.framework; includeInIndex = 0; path = Pods_flixster_flixsterUITests.framework; sourceTree = BUILT_PRODUCTS_DIR; };
		3CC65E5E7D31DC73E5F30B20 /* Pods-flixsterTests.release.xcconfig */ = {isa = PBXFileReference; includeInIndex = 1; lastKnownFileType = text.xcconfig; name = "Pods-flixsterTests.release.xcconfig"; path = "Target Support Files/Pods-flixsterTests/Pods-flixsterTests.release.xcconfig"; sourceTree = "<group>"; };
		4ADBD5F731D423FF7A7500E6 /* Pods-flixster-flixsterUITests.debug.xcconfig */ = {isa = PBXFileReference; includeInIndex = 1; lastKnownFileType = text.xcconfig; name = "Pods-flixster-flixsterUITests.debug.xcconfig"; path = "Target Support Files/Pods-flixster-flixsterUITests/Pods-flixster-flixsterUITests.debug.xcconfig"; sourceTree = "<group>"; };
		6B1997BC5C67B9DCDA0F64AE /* Pods-flixster.release.xcconfig */ = {isa = PBXFileReference; includeInIndex = 1; lastKnownFileType = text.xcconfig; name = "Pods-flixster.release.xcconfig"; path = "Target Support Files/Pods-flixster/Pods-flixster.release.xcconfig"; sourceTree = "<group>"; };
		87F9C07EAB83BA62CC448914 /* Pods_flixsterTests.framework */ = {isa = PBXFileReference; explicitFileType = wrapper.framework; includeInIndex = 0; path = Pods_flixsterTests.framework; sourceTree = BUILT_PRODUCTS_DIR; };
		972399F04EEC2C48229104D8 /* Pods_flixster.framework */ = {isa = PBXFileReference; explicitFileType = wrapper.framework; includeInIndex = 0; path = Pods_flixster.framework; sourceTree = BUILT_PRODUCTS_DIR; };
		972B05E93D69BB3B3363AB8B /* Pods-flixster-flixsterUITests.release.xcconfig */ = {isa = PBXFileReference; includeInIndex = 1; lastKnownFileType = text.xcconfig; name = "Pods-flixster-flixsterUITests.release.xcconfig"; path = "Target Support Files/Pods-flixster-flixsterUITests/Pods-flixster-flixsterUITests.release.xcconfig"; sourceTree = "<group>"; };
		9C08394680F1DEB16C28F3A4 /* Pods-flixster.debug.xcconfig */ = {isa = PBXFileReference; includeInIndex = 1; lastKnownFileType = text.xcconfig; name = "Pods-flixster.debug.xcconfig"; path = "Target Support Files/Pods-flixster/Pods-flixster.debug.xcconfig"; sourceTree = "<group>"; };
		A50254D827C848E30007CAF5 /* flixster.app */ = {isa = PBXFileReference; explicitFileType = wrapper.application; includeInIndex = 0; path = flixster.app; sourceTree = BUILT_PRODUCTS_DIR; };
		A50254DB27C848E30007CAF5 /* AppDelegate.swift */ = {isa = PBXFileReference; lastKnownFileType = sourcecode.swift; path = AppDelegate.swift; sourceTree = "<group>"; };
		A50254DD27C848E30007CAF5 /* SceneDelegate.swift */ = {isa = PBXFileReference; lastKnownFileType = sourcecode.swift; path = SceneDelegate.swift; sourceTree = "<group>"; };
		A50254DF27C848E30007CAF5 /* MoviesViewController.swift */ = {isa = PBXFileReference; lastKnownFileType = sourcecode.swift; path = MoviesViewController.swift; sourceTree = "<group>"; };
		A50254E227C848E30007CAF5 /* Base */ = {isa = PBXFileReference; lastKnownFileType = file.storyboard; name = Base; path = Base.lproj/Main.storyboard; sourceTree = "<group>"; };
		A50254E427C848E50007CAF5 /* Assets.xcassets */ = {isa = PBXFileReference; lastKnownFileType = folder.assetcatalog; path = Assets.xcassets; sourceTree = "<group>"; };
		A50254E727C848E50007CAF5 /* Base */ = {isa = PBXFileReference; lastKnownFileType = file.storyboard; name = Base; path = Base.lproj/LaunchScreen.storyboard; sourceTree = "<group>"; };
		A50254E927C848E50007CAF5 /* Info.plist */ = {isa = PBXFileReference; lastKnownFileType = text.plist.xml; path = Info.plist; sourceTree = "<group>"; };
		A50254EE27C848E50007CAF5 /* flixsterTests.xctest */ = {isa = PBXFileReference; explicitFileType = wrapper.cfbundle; includeInIndex = 0; path = flixsterTests.xctest; sourceTree = BUILT_PRODUCTS_DIR; };
		A50254F227C848E60007CAF5 /* flixsterTests.swift */ = {isa = PBXFileReference; lastKnownFileType = sourcecode.swift; path = flixsterTests.swift; sourceTree = "<group>"; };
		A50254F827C848E60007CAF5 /* flixsterUITests.xctest */ = {isa = PBXFileReference; explicitFileType = wrapper.cfbundle; includeInIndex = 0; path = flixsterUITests.xctest; sourceTree = BUILT_PRODUCTS_DIR; };
		A50254FC27C848E60007CAF5 /* flixsterUITests.swift */ = {isa = PBXFileReference; lastKnownFileType = sourcecode.swift; path = flixsterUITests.swift; sourceTree = "<group>"; };
		A50254FE27C848E60007CAF5 /* flixsterUITestsLaunchTests.swift */ = {isa = PBXFileReference; lastKnownFileType = sourcecode.swift; path = flixsterUITestsLaunchTests.swift; sourceTree = "<group>"; };
		A502550F27C8687C0007CAF5 /* MovieCell.swift */ = {isa = PBXFileReference; lastKnownFileType = sourcecode.swift; path = MovieCell.swift; sourceTree = "<group>"; };
		A536838727CFE69200DCA516 /* MovieDetailsViewController.swift */ = {isa = PBXFileReference; lastKnownFileType = sourcecode.swift; path = MovieDetailsViewController.swift; sourceTree = "<group>"; };
		A536838927D0BD4A00DCA516 /* MovieGridViewController.swift */ = {isa = PBXFileReference; lastKnownFileType = sourcecode.swift; path = MovieGridViewController.swift; sourceTree = "<group>"; };
		A536838B27D0C09100DCA516 /* MovieGridCell.swift */ = {isa = PBXFileReference; lastKnownFileType = sourcecode.swift; path = MovieGridCell.swift; sourceTree = "<group>"; };
		B1645E4AA181B78F8F3EC71B /* Pods-flixsterTests.debug.xcconfig */ = {isa = PBXFileReference; includeInIndex = 1; lastKnownFileType = text.xcconfig; name = "Pods-flixsterTests.debug.xcconfig"; path = "Target Support Files/Pods-flixsterTests/Pods-flixsterTests.debug.xcconfig"; sourceTree = "<group>"; };
/* End PBXFileReference section */

/* Begin PBXFrameworksBuildPhase section */
		A50254D527C848E30007CAF5 /* Frameworks */ = {
			isa = PBXFrameworksBuildPhase;
			buildActionMask = 2147483647;
			files = (
				A502551327C8746C0007CAF5 /* AlamofireImage in Frameworks */,
				A54AAA2499623BB666085448 /* Pods_flixster.framework in Frameworks */,
			);
			runOnlyForDeploymentPostprocessing = 0;
		};
		A50254EB27C848E50007CAF5 /* Frameworks */ = {
			isa = PBXFrameworksBuildPhase;
			buildActionMask = 2147483647;
			files = (
				56C0E57E3F210CAC49DAD7C6 /* Pods_flixsterTests.framework in Frameworks */,
			);
			runOnlyForDeploymentPostprocessing = 0;
		};
		A50254F527C848E60007CAF5 /* Frameworks */ = {
			isa = PBXFrameworksBuildPhase;
			buildActionMask = 2147483647;
			files = (
				FE274FDBD30744D06BB6C0C0 /* Pods_flixster_flixsterUITests.framework in Frameworks */,
			);
			runOnlyForDeploymentPostprocessing = 0;
		};
/* End PBXFrameworksBuildPhase section */

/* Begin PBXGroup section */
		27A4287EE61C725BAC4D4DB3 /* Frameworks */ = {
			isa = PBXGroup;
			children = (
				972399F04EEC2C48229104D8 /* Pods_flixster.framework */,
				2CB58B83CA751CD64A6A6351 /* Pods_flixster_flixsterUITests.framework */,
				87F9C07EAB83BA62CC448914 /* Pods_flixsterTests.framework */,
			);
			name = Frameworks;
			sourceTree = "<group>";
		};
		A50254CF27C848E30007CAF5 = {
			isa = PBXGroup;
			children = (
				A50254DA27C848E30007CAF5 /* flixster */,
				A50254F127C848E50007CAF5 /* flixsterTests */,
				A50254FB27C848E60007CAF5 /* flixsterUITests */,
				A50254D927C848E30007CAF5 /* Products */,
				AF0379A03D298503C3B04204 /* Pods */,
				27A4287EE61C725BAC4D4DB3 /* Frameworks */,
			);
			sourceTree = "<group>";
		};
		A50254D927C848E30007CAF5 /* Products */ = {
			isa = PBXGroup;
			children = (
				A50254D827C848E30007CAF5 /* flixster.app */,
				A50254EE27C848E50007CAF5 /* flixsterTests.xctest */,
				A50254F827C848E60007CAF5 /* flixsterUITests.xctest */,
			);
			name = Products;
			sourceTree = "<group>";
		};
		A50254DA27C848E30007CAF5 /* flixster */ = {
			isa = PBXGroup;
			children = (
				A50254DB27C848E30007CAF5 /* AppDelegate.swift */,
				A50254DD27C848E30007CAF5 /* SceneDelegate.swift */,
				A502550F27C8687C0007CAF5 /* MovieCell.swift */,
				A50254DF27C848E30007CAF5 /* MoviesViewController.swift */,
				A50254E127C848E30007CAF5 /* Main.storyboard */,
				A50254E427C848E50007CAF5 /* Assets.xcassets */,
				A50254E627C848E50007CAF5 /* LaunchScreen.storyboard */,
				A50254E927C848E50007CAF5 /* Info.plist */,
				A536838727CFE69200DCA516 /* MovieDetailsViewController.swift */,
				A536838927D0BD4A00DCA516 /* MovieGridViewController.swift */,
				A536838B27D0C09100DCA516 /* MovieGridCell.swift */,
			);
			path = flixster;
			sourceTree = "<group>";
		};
		A50254F127C848E50007CAF5 /* flixsterTests */ = {
			isa = PBXGroup;
			children = (
				A50254F227C848E60007CAF5 /* flixsterTests.swift */,
			);
			path = flixsterTests;
			sourceTree = "<group>";
		};
		A50254FB27C848E60007CAF5 /* flixsterUITests */ = {
			isa = PBXGroup;
			children = (
				A50254FC27C848E60007CAF5 /* flixsterUITests.swift */,
				A50254FE27C848E60007CAF5 /* flixsterUITestsLaunchTests.swift */,
			);
			path = flixsterUITests;
			sourceTree = "<group>";
		};
		AF0379A03D298503C3B04204 /* Pods */ = {
			isa = PBXGroup;
			children = (
				9C08394680F1DEB16C28F3A4 /* Pods-flixster.debug.xcconfig */,
				6B1997BC5C67B9DCDA0F64AE /* Pods-flixster.release.xcconfig */,
				4ADBD5F731D423FF7A7500E6 /* Pods-flixster-flixsterUITests.debug.xcconfig */,
				972B05E93D69BB3B3363AB8B /* Pods-flixster-flixsterUITests.release.xcconfig */,
				B1645E4AA181B78F8F3EC71B /* Pods-flixsterTests.debug.xcconfig */,
				3CC65E5E7D31DC73E5F30B20 /* Pods-flixsterTests.release.xcconfig */,
			);
			path = Pods;
			sourceTree = "<group>";
		};
/* End PBXGroup section */

/* Begin PBXNativeTarget section */
		A50254D727C848E30007CAF5 /* flixster */ = {
			isa = PBXNativeTarget;
			buildConfigurationList = A502550227C848E60007CAF5 /* Build configuration list for PBXNativeTarget "flixster" */;
			buildPhases = (
				02CBEC792650D0774ED5A531 /* [CP] Check Pods Manifest.lock */,
				A50254D427C848E30007CAF5 /* Sources */,
				A50254D527C848E30007CAF5 /* Frameworks */,
				A50254D627C848E30007CAF5 /* Resources */,
				DF2C1E5BF0BE223E8BA76C98 /* [CP] Embed Pods Frameworks */,
			);
			buildRules = (
			);
			dependencies = (
			);
			name = flixster;
			packageProductDependencies = (
				A502551227C8746C0007CAF5 /* AlamofireImage */,
			);
			productName = flixster;
			productReference = A50254D827C848E30007CAF5 /* flixster.app */;
			productType = "com.apple.product-type.application";
		};
		A50254ED27C848E50007CAF5 /* flixsterTests */ = {
			isa = PBXNativeTarget;
			buildConfigurationList = A502550527C848E60007CAF5 /* Build configuration list for PBXNativeTarget "flixsterTests" */;
			buildPhases = (
				4129F8C66421551544A8E96D /* [CP] Check Pods Manifest.lock */,
				A50254EA27C848E50007CAF5 /* Sources */,
				A50254EB27C848E50007CAF5 /* Frameworks */,
				A50254EC27C848E50007CAF5 /* Resources */,
			);
			buildRules = (
			);
			dependencies = (
				A50254F027C848E50007CAF5 /* PBXTargetDependency */,
			);
			name = flixsterTests;
			productName = flixsterTests;
			productReference = A50254EE27C848E50007CAF5 /* flixsterTests.xctest */;
			productType = "com.apple.product-type.bundle.unit-test";
		};
		A50254F727C848E60007CAF5 /* flixsterUITests */ = {
			isa = PBXNativeTarget;
			buildConfigurationList = A502550827C848E60007CAF5 /* Build configuration list for PBXNativeTarget "flixsterUITests" */;
			buildPhases = (
				D3AE41BE8707AE10BDEBFF9F /* [CP] Check Pods Manifest.lock */,
				A50254F427C848E60007CAF5 /* Sources */,
				A50254F527C848E60007CAF5 /* Frameworks */,
				A50254F627C848E60007CAF5 /* Resources */,
				D743043DBB14454610086295 /* [CP] Embed Pods Frameworks */,
			);
			buildRules = (
			);
			dependencies = (
				A50254FA27C848E60007CAF5 /* PBXTargetDependency */,
			);
			name = flixsterUITests;
			productName = flixsterUITests;
			productReference = A50254F827C848E60007CAF5 /* flixsterUITests.xctest */;
			productType = "com.apple.product-type.bundle.ui-testing";
		};
/* End PBXNativeTarget section */

/* Begin PBXProject section */
		A50254D027C848E30007CAF5 /* Project object */ = {
			isa = PBXProject;
			attributes = {
				BuildIndependentTargetsInParallel = 1;
				LastSwiftUpdateCheck = 1320;
				LastUpgradeCheck = 1320;
				TargetAttributes = {
					A50254D727C848E30007CAF5 = {
						CreatedOnToolsVersion = 13.2.1;
					};
					A50254ED27C848E50007CAF5 = {
						CreatedOnToolsVersion = 13.2.1;
						TestTargetID = A50254D727C848E30007CAF5;
					};
					A50254F727C848E60007CAF5 = {
						CreatedOnToolsVersion = 13.2.1;
						TestTargetID = A50254D727C848E30007CAF5;
					};
				};
			};
			buildConfigurationList = A50254D327C848E30007CAF5 /* Build configuration list for PBXProject "flixster" */;
			compatibilityVersion = "Xcode 13.0";
			developmentRegion = en;
			hasScannedForEncodings = 0;
			knownRegions = (
				en,
				Base,
			);
			mainGroup = A50254CF27C848E30007CAF5;
			packageReferences = (
				A502551127C8746C0007CAF5 /* XCRemoteSwiftPackageReference "AlamofireImage" */,
			);
			productRefGroup = A50254D927C848E30007CAF5 /* Products */;
			projectDirPath = "";
			projectRoot = "";
			targets = (
				A50254D727C848E30007CAF5 /* flixster */,
				A50254ED27C848E50007CAF5 /* flixsterTests */,
				A50254F727C848E60007CAF5 /* flixsterUITests */,
			);
		};
/* End PBXProject section */

/* Begin PBXResourcesBuildPhase section */
		A50254D627C848E30007CAF5 /* Resources */ = {
			isa = PBXResourcesBuildPhase;
			buildActionMask = 2147483647;
			files = (
				A50254E827C848E50007CAF5 /* LaunchScreen.storyboard in Resources */,
				A50254E527C848E50007CAF5 /* Assets.xcassets in Resources */,
				A50254E327C848E30007CAF5 /* Main.storyboard in Resources */,
			);
			runOnlyForDeploymentPostprocessing = 0;
		};
		A50254EC27C848E50007CAF5 /* Resources */ = {
			isa = PBXResourcesBuildPhase;
			buildActionMask = 2147483647;
			files = (
			);
			runOnlyForDeploymentPostprocessing = 0;
		};
		A50254F627C848E60007CAF5 /* Resources */ = {
			isa = PBXResourcesBuildPhase;
			buildActionMask = 2147483647;
			files = (
			);
			runOnlyForDeploymentPostprocessing = 0;
		};
/* End PBXResourcesBuildPhase section */

/* Begin PBXShellScriptBuildPhase section */
		02CBEC792650D0774ED5A531 /* [CP] Check Pods Manifest.lock */ = {
			isa = PBXShellScriptBuildPhase;
			buildActionMask = 2147483647;
			files = (
			);
			inputFileListPaths = (
			);
			inputPaths = (
				"${PODS_PODFILE_DIR_PATH}/Podfile.lock",
				"${PODS_ROOT}/Manifest.lock",
			);
			name = "[CP] Check Pods Manifest.lock";
			outputFileListPaths = (
			);
			outputPaths = (
				"$(DERIVED_FILE_DIR)/Pods-flixster-checkManifestLockResult.txt",
			);
			runOnlyForDeploymentPostprocessing = 0;
			shellPath = /bin/sh;
			shellScript = "diff \"${PODS_PODFILE_DIR_PATH}/Podfile.lock\" \"${PODS_ROOT}/Manifest.lock\" > /dev/null\nif [ $? != 0 ] ; then\n    # print error to STDERR\n    echo \"error: The sandbox is not in sync with the Podfile.lock. Run 'pod install' or update your CocoaPods installation.\" >&2\n    exit 1\nfi\n# This output is used by Xcode 'outputs' to avoid re-running this script phase.\necho \"SUCCESS\" > \"${SCRIPT_OUTPUT_FILE_0}\"\n";
			showEnvVarsInLog = 0;
		};
		4129F8C66421551544A8E96D /* [CP] Check Pods Manifest.lock */ = {
			isa = PBXShellScriptBuildPhase;
			buildActionMask = 2147483647;
			files = (
			);
			inputFileListPaths = (
			);
			inputPaths = (
				"${PODS_PODFILE_DIR_PATH}/Podfile.lock",
				"${PODS_ROOT}/Manifest.lock",
			);
			name = "[CP] Check Pods Manifest.lock";
			outputFileListPaths = (
			);
			outputPaths = (
				"$(DERIVED_FILE_DIR)/Pods-flixsterTests-checkManifestLockResult.txt",
			);
			runOnlyForDeploymentPostprocessing = 0;
			shellPath = /bin/sh;
			shellScript = "diff \"${PODS_PODFILE_DIR_PATH}/Podfile.lock\" \"${PODS_ROOT}/Manifest.lock\" > /dev/null\nif [ $? != 0 ] ; then\n    # print error to STDERR\n    echo \"error: The sandbox is not in sync with the Podfile.lock. Run 'pod install' or update your CocoaPods installation.\" >&2\n    exit 1\nfi\n# This output is used by Xcode 'outputs' to avoid re-running this script phase.\necho \"SUCCESS\" > \"${SCRIPT_OUTPUT_FILE_0}\"\n";
			showEnvVarsInLog = 0;
		};
		D3AE41BE8707AE10BDEBFF9F /* [CP] Check Pods Manifest.lock */ = {
			isa = PBXShellScriptBuildPhase;
			buildActionMask = 2147483647;
			files = (
			);
			inputFileListPaths = (
			);
			inputPaths = (
				"${PODS_PODFILE_DIR_PATH}/Podfile.lock",
				"${PODS_ROOT}/Manifest.lock",
			);
			name = "[CP] Check Pods Manifest.lock";
			outputFileListPaths = (
			);
			outputPaths = (
				"$(DERIVED_FILE_DIR)/Pods-flixster-flixsterUITests-checkManifestLockResult.txt",
			);
			runOnlyForDeploymentPostprocessing = 0;
			shellPath = /bin/sh;
			shellScript = "diff \"${PODS_PODFILE_DIR_PATH}/Podfile.lock\" \"${PODS_ROOT}/Manifest.lock\" > /dev/null\nif [ $? != 0 ] ; then\n    # print error to STDERR\n    echo \"error: The sandbox is not in sync with the Podfile.lock. Run 'pod install' or update your CocoaPods installation.\" >&2\n    exit 1\nfi\n# This output is used by Xcode 'outputs' to avoid re-running this script phase.\necho \"SUCCESS\" > \"${SCRIPT_OUTPUT_FILE_0}\"\n";
			showEnvVarsInLog = 0;
		};
		D743043DBB14454610086295 /* [CP] Embed Pods Frameworks */ = {
			isa = PBXShellScriptBuildPhase;
			buildActionMask = 2147483647;
			files = (
			);
			inputFileListPaths = (
				"${PODS_ROOT}/Target Support Files/Pods-flixster-flixsterUITests/Pods-flixster-flixsterUITests-frameworks-${CONFIGURATION}-input-files.xcfilelist",
			);
			name = "[CP] Embed Pods Frameworks";
			outputFileListPaths = (
				"${PODS_ROOT}/Target Support Files/Pods-flixster-flixsterUITests/Pods-flixster-flixsterUITests-frameworks-${CONFIGURATION}-output-files.xcfilelist",
			);
			runOnlyForDeploymentPostprocessing = 0;
			shellPath = /bin/sh;
			shellScript = "\"${PODS_ROOT}/Target Support Files/Pods-flixster-flixsterUITests/Pods-flixster-flixsterUITests-frameworks.sh\"\n";
			showEnvVarsInLog = 0;
		};
		DF2C1E5BF0BE223E8BA76C98 /* [CP] Embed Pods Frameworks */ = {
			isa = PBXShellScriptBuildPhase;
			buildActionMask = 2147483647;
			files = (
			);
			inputFileListPaths = (
				"${PODS_ROOT}/Target Support Files/Pods-flixster/Pods-flixster-frameworks-${CONFIGURATION}-input-files.xcfilelist",
			);
			name = "[CP] Embed Pods Frameworks";
			outputFileListPaths = (
				"${PODS_ROOT}/Target Support Files/Pods-flixster/Pods-flixster-frameworks-${CONFIGURATION}-output-files.xcfilelist",
			);
			runOnlyForDeploymentPostprocessing = 0;
			shellPath = /bin/sh;
			shellScript = "\"${PODS_ROOT}/Target Support Files/Pods-flixster/Pods-flixster-frameworks.sh\"\n";
			showEnvVarsInLog = 0;
		};
/* End PBXShellScriptBuildPhase section */

/* Begin PBXSourcesBuildPhase section */
		A50254D427C848E30007CAF5 /* Sources */ = {
			isa = PBXSourcesBuildPhase;
			buildActionMask = 2147483647;
			files = (
				A536838827CFE69200DCA516 /* MovieDetailsViewController.swift in Sources */,
				A50254E027C848E30007CAF5 /* MoviesViewController.swift in Sources */,
				A50254DC27C848E30007CAF5 /* AppDelegate.swift in Sources */,
				A502551027C8687C0007CAF5 /* MovieCell.swift in Sources */,
				A50254DE27C848E30007CAF5 /* SceneDelegate.swift in Sources */,
				A536838A27D0BD4A00DCA516 /* MovieGridViewController.swift in Sources */,
				A536838C27D0C09100DCA516 /* MovieGridCell.swift in Sources */,
			);
			runOnlyForDeploymentPostprocessing = 0;
		};
		A50254EA27C848E50007CAF5 /* Sources */ = {
			isa = PBXSourcesBuildPhase;
			buildActionMask = 2147483647;
			files = (
				A50254F327C848E60007CAF5 /* flixsterTests.swift in Sources */,
			);
			runOnlyForDeploymentPostprocessing = 0;
		};
		A50254F427C848E60007CAF5 /* Sources */ = {
			isa = PBXSourcesBuildPhase;
			buildActionMask = 2147483647;
			files = (
				A50254FF27C848E60007CAF5 /* flixsterUITestsLaunchTests.swift in Sources */,
				A50254FD27C848E60007CAF5 /* flixsterUITests.swift in Sources */,
			);
			runOnlyForDeploymentPostprocessing = 0;
		};
/* End PBXSourcesBuildPhase section */

/* Begin PBXTargetDependency section */
		A50254F027C848E50007CAF5 /* PBXTargetDependency */ = {
			isa = PBXTargetDependency;
			target = A50254D727C848E30007CAF5 /* flixster */;
			targetProxy = A50254EF27C848E50007CAF5 /* PBXContainerItemProxy */;
		};
		A50254FA27C848E60007CAF5 /* PBXTargetDependency */ = {
			isa = PBXTargetDependency;
			target = A50254D727C848E30007CAF5 /* flixster */;
			targetProxy = A50254F927C848E60007CAF5 /* PBXContainerItemProxy */;
		};
/* End PBXTargetDependency section */

/* Begin PBXVariantGroup section */
		A50254E127C848E30007CAF5 /* Main.storyboard */ = {
			isa = PBXVariantGroup;
			children = (
				A50254E227C848E30007CAF5 /* Base */,
			);
			name = Main.storyboard;
			sourceTree = "<group>";
		};
		A50254E627C848E50007CAF5 /* LaunchScreen.storyboard */ = {
			isa = PBXVariantGroup;
			children = (
				A50254E727C848E50007CAF5 /* Base */,
			);
			name = LaunchScreen.storyboard;
			sourceTree = "<group>";
		};
/* End PBXVariantGroup section */

/* Begin XCBuildConfiguration section */
		A502550027C848E60007CAF5 /* Debug */ = {
			isa = XCBuildConfiguration;
			buildSettings = {
				ALWAYS_SEARCH_USER_PATHS = NO;
				CLANG_ANALYZER_NONNULL = YES;
				CLANG_ANALYZER_NUMBER_OBJECT_CONVERSION = YES_AGGRESSIVE;
				CLANG_CXX_LANGUAGE_STANDARD = "gnu++17";
				CLANG_CXX_LIBRARY = "libc++";
				CLANG_ENABLE_MODULES = YES;
				CLANG_ENABLE_OBJC_ARC = YES;
				CLANG_ENABLE_OBJC_WEAK = YES;
				CLANG_WARN_BLOCK_CAPTURE_AUTORELEASING = YES;
				CLANG_WARN_BOOL_CONVERSION = YES;
				CLANG_WARN_COMMA = YES;
				CLANG_WARN_CONSTANT_CONVERSION = YES;
				CLANG_WARN_DEPRECATED_OBJC_IMPLEMENTATIONS = YES;
				CLANG_WARN_DIRECT_OBJC_ISA_USAGE = YES_ERROR;
				CLANG_WARN_DOCUMENTATION_COMMENTS = YES;
				CLANG_WARN_EMPTY_BODY = YES;
				CLANG_WARN_ENUM_CONVERSION = YES;
				CLANG_WARN_INFINITE_RECURSION = YES;
				CLANG_WARN_INT_CONVERSION = YES;
				CLANG_WARN_NON_LITERAL_NULL_CONVERSION = YES;
				CLANG_WARN_OBJC_IMPLICIT_RETAIN_SELF = YES;
				CLANG_WARN_OBJC_LITERAL_CONVERSION = YES;
				CLANG_WARN_OBJC_ROOT_CLASS = YES_ERROR;
				CLANG_WARN_QUOTED_INCLUDE_IN_FRAMEWORK_HEADER = YES;
				CLANG_WARN_RANGE_LOOP_ANALYSIS = YES;
				CLANG_WARN_STRICT_PROTOTYPES = YES;
				CLANG_WARN_SUSPICIOUS_MOVE = YES;
				CLANG_WARN_UNGUARDED_AVAILABILITY = YES_AGGRESSIVE;
				CLANG_WARN_UNREACHABLE_CODE = YES;
				CLANG_WARN__DUPLICATE_METHOD_MATCH = YES;
				COPY_PHASE_STRIP = NO;
				DEBUG_INFORMATION_FORMAT = dwarf;
				ENABLE_STRICT_OBJC_MSGSEND = YES;
				ENABLE_TESTABILITY = YES;
				GCC_C_LANGUAGE_STANDARD = gnu11;
				GCC_DYNAMIC_NO_PIC = NO;
				GCC_NO_COMMON_BLOCKS = YES;
				GCC_OPTIMIZATION_LEVEL = 0;
				GCC_PREPROCESSOR_DEFINITIONS = (
					"DEBUG=1",
					"$(inherited)",
				);
				GCC_WARN_64_TO_32_BIT_CONVERSION = YES;
				GCC_WARN_ABOUT_RETURN_TYPE = YES_ERROR;
				GCC_WARN_UNDECLARED_SELECTOR = YES;
				GCC_WARN_UNINITIALIZED_AUTOS = YES_AGGRESSIVE;
				GCC_WARN_UNUSED_FUNCTION = YES;
				GCC_WARN_UNUSED_VARIABLE = YES;
				IPHONEOS_DEPLOYMENT_TARGET = 15.2;
				MTL_ENABLE_DEBUG_INFO = INCLUDE_SOURCE;
				MTL_FAST_MATH = YES;
				ONLY_ACTIVE_ARCH = YES;
				SDKROOT = iphoneos;
				SWIFT_ACTIVE_COMPILATION_CONDITIONS = DEBUG;
				SWIFT_OPTIMIZATION_LEVEL = "-Onone";
			};
			name = Debug;
		};
		A502550127C848E60007CAF5 /* Release */ = {
			isa = XCBuildConfiguration;
			buildSettings = {
				ALWAYS_SEARCH_USER_PATHS = NO;
				CLANG_ANALYZER_NONNULL = YES;
				CLANG_ANALYZER_NUMBER_OBJECT_CONVERSION = YES_AGGRESSIVE;
				CLANG_CXX_LANGUAGE_STANDARD = "gnu++17";
				CLANG_CXX_LIBRARY = "libc++";
				CLANG_ENABLE_MODULES = YES;
				CLANG_ENABLE_OBJC_ARC = YES;
				CLANG_ENABLE_OBJC_WEAK = YES;
				CLANG_WARN_BLOCK_CAPTURE_AUTORELEASING = YES;
				CLANG_WARN_BOOL_CONVERSION = YES;
				CLANG_WARN_COMMA = YES;
				CLANG_WARN_CONSTANT_CONVERSION = YES;
				CLANG_WARN_DEPRECATED_OBJC_IMPLEMENTATIONS = YES;
				CLANG_WARN_DIRECT_OBJC_ISA_USAGE = YES_ERROR;
				CLANG_WARN_DOCUMENTATION_COMMENTS = YES;
				CLANG_WARN_EMPTY_BODY = YES;
				CLANG_WARN_ENUM_CONVERSION = YES;
				CLANG_WARN_INFINITE_RECURSION = YES;
				CLANG_WARN_INT_CONVERSION = YES;
				CLANG_WARN_NON_LITERAL_NULL_CONVERSION = YES;
				CLANG_WARN_OBJC_IMPLICIT_RETAIN_SELF = YES;
				CLANG_WARN_OBJC_LITERAL_CONVERSION = YES;
				CLANG_WARN_OBJC_ROOT_CLASS = YES_ERROR;
				CLANG_WARN_QUOTED_INCLUDE_IN_FRAMEWORK_HEADER = YES;
				CLANG_WARN_RANGE_LOOP_ANALYSIS = YES;
				CLANG_WARN_STRICT_PROTOTYPES = YES;
				CLANG_WARN_SUSPICIOUS_MOVE = YES;
				CLANG_WARN_UNGUARDED_AVAILABILITY = YES_AGGRESSIVE;
				CLANG_WARN_UNREACHABLE_CODE = YES;
				CLANG_WARN__DUPLICATE_METHOD_MATCH = YES;
				COPY_PHASE_STRIP = NO;
				DEBUG_INFORMATION_FORMAT = "dwarf-with-dsym";
				ENABLE_NS_ASSERTIONS = NO;
				ENABLE_STRICT_OBJC_MSGSEND = YES;
				GCC_C_LANGUAGE_STANDARD = gnu11;
				GCC_NO_COMMON_BLOCKS = YES;
				GCC_WARN_64_TO_32_BIT_CONVERSION = YES;
				GCC_WARN_ABOUT_RETURN_TYPE = YES_ERROR;
				GCC_WARN_UNDECLARED_SELECTOR = YES;
				GCC_WARN_UNINITIALIZED_AUTOS = YES_AGGRESSIVE;
				GCC_WARN_UNUSED_FUNCTION = YES;
				GCC_WARN_UNUSED_VARIABLE = YES;
				IPHONEOS_DEPLOYMENT_TARGET = 15.2;
				MTL_ENABLE_DEBUG_INFO = NO;
				MTL_FAST_MATH = YES;
				SDKROOT = iphoneos;
				SWIFT_COMPILATION_MODE = wholemodule;
				SWIFT_OPTIMIZATION_LEVEL = "-O";
				VALIDATE_PRODUCT = YES;
			};
			name = Release;
		};
		A502550327C848E60007CAF5 /* Debug */ = {
			isa = XCBuildConfiguration;
			baseConfigurationReference = 9C08394680F1DEB16C28F3A4 /* Pods-flixster.debug.xcconfig */;
			buildSettings = {
				ASSETCATALOG_COMPILER_APPICON_NAME = AppIcon;
				ASSETCATALOG_COMPILER_GLOBAL_ACCENT_COLOR_NAME = AccentColor;
				CODE_SIGN_STYLE = Automatic;
				CURRENT_PROJECT_VERSION = 1;
				DEVELOPMENT_TEAM = 37N98AY532;
				GENERATE_INFOPLIST_FILE = YES;
				INFOPLIST_FILE = flixster/Info.plist;
				INFOPLIST_KEY_UIApplicationSupportsIndirectInputEvents = YES;
				INFOPLIST_KEY_UILaunchStoryboardName = LaunchScreen;
				INFOPLIST_KEY_UIMainStoryboardFile = Main;
				INFOPLIST_KEY_UISupportedInterfaceOrientations = "UIInterfaceOrientationPortrait UIInterfaceOrientationLandscapeLeft UIInterfaceOrientationLandscapeRight";
				INFOPLIST_KEY_UISupportedInterfaceOrientations_iPad = "UIInterfaceOrientationPortrait UIInterfaceOrientationPortraitUpsideDown UIInterfaceOrientationLandscapeLeft UIInterfaceOrientationLandscapeRight";
				INFOPLIST_KEY_UISupportedInterfaceOrientations_iPhone = "UIInterfaceOrientationPortrait UIInterfaceOrientationLandscapeLeft UIInterfaceOrientationLandscapeRight";
				LD_RUNPATH_SEARCH_PATHS = (
					"$(inherited)",
					"@executable_path/Frameworks",
				);
				MARKETING_VERSION = 1.0;
				PRODUCT_BUNDLE_IDENTIFIER = com.yjin5959.flixster;
				PRODUCT_NAME = "$(TARGET_NAME)";
				SWIFT_EMIT_LOC_STRINGS = YES;
				SWIFT_VERSION = 5.0;
				TARGETED_DEVICE_FAMILY = "1,2";
			};
			name = Debug;
		};
		A502550427C848E60007CAF5 /* Release */ = {
			isa = XCBuildConfiguration;
			baseConfigurationReference = 6B1997BC5C67B9DCDA0F64AE /* Pods-flixster.release.xcconfig */;
			buildSettings = {
				ASSETCATALOG_COMPILER_APPICON_NAME = AppIcon;
				ASSETCATALOG_COMPILER_GLOBAL_ACCENT_COLOR_NAME = AccentColor;
				CODE_SIGN_STYLE = Automatic;
				CURRENT_PROJECT_VERSION = 1;
				DEVELOPMENT_TEAM = 37N98AY532;
				GENERATE_INFOPLIST_FILE = YES;
				INFOPLIST_FILE = flixster/Info.plist;
				INFOPLIST_KEY_UIApplicationSupportsIndirectInputEvents = YES;
				INFOPLIST_KEY_UILaunchStoryboardName = LaunchScreen;
				INFOPLIST_KEY_UIMainStoryboardFile = Main;
				INFOPLIST_KEY_UISupportedInterfaceOrientations = "UIInterfaceOrientationPortrait UIInterfaceOrientationLandscapeLeft UIInterfaceOrientationLandscapeRight";
				INFOPLIST_KEY_UISupportedInterfaceOrientations_iPad = "UIInterfaceOrientationPortrait UIInterfaceOrientationPortraitUpsideDown UIInterfaceOrientationLandscapeLeft UIInterfaceOrientationLandscapeRight";
				INFOPLIST_KEY_UISupportedInterfaceOrientations_iPhone = "UIInterfaceOrientationPortrait UIInterfaceOrientationLandscapeLeft UIInterfaceOrientationLandscapeRight";
				LD_RUNPATH_SEARCH_PATHS = (
					"$(inherited)",
					"@executable_path/Frameworks",
				);
				MARKETING_VERSION = 1.0;
				PRODUCT_BUNDLE_IDENTIFIER = com.yjin5959.flixster;
				PRODUCT_NAME = "$(TARGET_NAME)";
				SWIFT_EMIT_LOC_STRINGS = YES;
				SWIFT_VERSION = 5.0;
				TARGETED_DEVICE_FAMILY = "1,2";
			};
			name = Release;
		};
		A502550627C848E60007CAF5 /* Debug */ = {
			isa = XCBuildConfiguration;
			baseConfigurationReference = B1645E4AA181B78F8F3EC71B /* Pods-flixsterTests.debug.xcconfig */;
			buildSettings = {
				ALWAYS_EMBED_SWIFT_STANDARD_LIBRARIES = YES;
				BUNDLE_LOADER = "$(TEST_HOST)";
				CODE_SIGN_STYLE = Automatic;
				CURRENT_PROJECT_VERSION = 1;
				DEVELOPMENT_TEAM = 37N98AY532;
				GENERATE_INFOPLIST_FILE = YES;
				IPHONEOS_DEPLOYMENT_TARGET = 15.2;
				MARKETING_VERSION = 1.0;
				PRODUCT_BUNDLE_IDENTIFIER = com.yjin5959.flixsterTests;
				PRODUCT_NAME = "$(TARGET_NAME)";
				SWIFT_EMIT_LOC_STRINGS = NO;
				SWIFT_VERSION = 5.0;
				TARGETED_DEVICE_FAMILY = "1,2";
				TEST_HOST = "$(BUILT_PRODUCTS_DIR)/flixster.app/flixster";
			};
			name = Debug;
		};
		A502550727C848E60007CAF5 /* Release */ = {
			isa = XCBuildConfiguration;
			baseConfigurationReference = 3CC65E5E7D31DC73E5F30B20 /* Pods-flixsterTests.release.xcconfig */;
			buildSettings = {
				ALWAYS_EMBED_SWIFT_STANDARD_LIBRARIES = YES;
				BUNDLE_LOADER = "$(TEST_HOST)";
				CODE_SIGN_STYLE = Automatic;
				CURRENT_PROJECT_VERSION = 1;
				DEVELOPMENT_TEAM = 37N98AY532;
				GENERATE_INFOPLIST_FILE = YES;
				IPHONEOS_DEPLOYMENT_TARGET = 15.2;
				MARKETING_VERSION = 1.0;
				PRODUCT_BUNDLE_IDENTIFIER = com.yjin5959.flixsterTests;
				PRODUCT_NAME = "$(TARGET_NAME)";
				SWIFT_EMIT_LOC_STRINGS = NO;
				SWIFT_VERSION = 5.0;
				TARGETED_DEVICE_FAMILY = "1,2";
				TEST_HOST = "$(BUILT_PRODUCTS_DIR)/flixster.app/flixster";
			};
			name = Release;
		};
		A502550927C848E60007CAF5 /* Debug */ = {
			isa = XCBuildConfiguration;
			baseConfigurationReference = 4ADBD5F731D423FF7A7500E6 /* Pods-flixster-flixsterUITests.debug.xcconfig */;
			buildSettings = {
				ALWAYS_EMBED_SWIFT_STANDARD_LIBRARIES = YES;
				CODE_SIGN_STYLE = Automatic;
				CURRENT_PROJECT_VERSION = 1;
				DEVELOPMENT_TEAM = 37N98AY532;
				GENERATE_INFOPLIST_FILE = YES;
				MARKETING_VERSION = 1.0;
				PRODUCT_BUNDLE_IDENTIFIER = com.yjin5959.flixsterUITests;
				PRODUCT_NAME = "$(TARGET_NAME)";
				SWIFT_EMIT_LOC_STRINGS = NO;
				SWIFT_VERSION = 5.0;
				TARGETED_DEVICE_FAMILY = "1,2";
				TEST_TARGET_NAME = flixster;
			};
			name = Debug;
		};
		A502550A27C848E60007CAF5 /* Release */ = {
			isa = XCBuildConfiguration;
			baseConfigurationReference = 972B05E93D69BB3B3363AB8B /* Pods-flixster-flixsterUITests.release.xcconfig */;
			buildSettings = {
				ALWAYS_EMBED_SWIFT_STANDARD_LIBRARIES = YES;
				CODE_SIGN_STYLE = Automatic;
				CURRENT_PROJECT_VERSION = 1;
				DEVELOPMENT_TEAM = 37N98AY532;
				GENERATE_INFOPLIST_FILE = YES;
				MARKETING_VERSION = 1.0;
				PRODUCT_BUNDLE_IDENTIFIER = com.yjin5959.flixsterUITests;
				PRODUCT_NAME = "$(TARGET_NAME)";
				SWIFT_EMIT_LOC_STRINGS = NO;
				SWIFT_VERSION = 5.0;
				TARGETED_DEVICE_FAMILY = "1,2";
				TEST_TARGET_NAME = flixster;
			};
			name = Release;
		};
/* End XCBuildConfiguration section */

/* Begin XCConfigurationList section */
		A50254D327C848E30007CAF5 /* Build configuration list for PBXProject "flixster" */ = {
			isa = XCConfigurationList;
			buildConfigurations = (
				A502550027C848E60007CAF5 /* Debug */,
				A502550127C848E60007CAF5 /* Release */,
			);
			defaultConfigurationIsVisible = 0;
			defaultConfigurationName = Release;
		};
		A502550227C848E60007CAF5 /* Build configuration list for PBXNativeTarget "flixster" */ = {
			isa = XCConfigurationList;
			buildConfigurations = (
				A502550327C848E60007CAF5 /* Debug */,
				A502550427C848E60007CAF5 /* Release */,
			);
			defaultConfigurationIsVisible = 0;
			defaultConfigurationName = Release;
		};
		A502550527C848E60007CAF5 /* Build configuration list for PBXNativeTarget "flixsterTests" */ = {
			isa = XCConfigurationList;
			buildConfigurations = (
				A502550627C848E60007CAF5 /* Debug */,
				A502550727C848E60007CAF5 /* Release */,
			);
			defaultConfigurationIsVisible = 0;
			defaultConfigurationName = Release;
		};
		A502550827C848E60007CAF5 /* Build configuration list for PBXNativeTarget "flixsterUITests" */ = {
			isa = XCConfigurationList;
			buildConfigurations = (
				A502550927C848E60007CAF5 /* Debug */,
				A502550A27C848E60007CAF5 /* Release */,
			);
			defaultConfigurationIsVisible = 0;
			defaultConfigurationName = Release;
		};
/* End XCConfigurationList section */

/* Begin XCRemoteSwiftPackageReference section */
		A502551127C8746C0007CAF5 /* XCRemoteSwiftPackageReference "AlamofireImage" */ = {
			isa = XCRemoteSwiftPackageReference;
			repositoryURL = "https://github.com/Alamofire/AlamofireImage.git";
			requirement = {
				kind = upToNextMajorVersion;
				minimumVersion = 4.0.0;
			};
		};
/* End XCRemoteSwiftPackageReference section */

/* Begin XCSwiftPackageProductDependency section */
		A502551227C8746C0007CAF5 /* AlamofireImage */ = {
			isa = XCSwiftPackageProductDependency;
			package = A502551127C8746C0007CAF5 /* XCRemoteSwiftPackageReference "AlamofireImage" */;
			productName = AlamofireImage;
		};
/* End XCSwiftPackageProductDependency section */
	};
	rootObject = A50254D027C848E30007CAF5 /* Project object */;
}
